
Microsoft Visual Studio Solution File, Format Version 12.00
# Visual Studio Version 17
VisualStudioVersion = 17.10.35122.118
MinimumVisualStudioVersion = 10.0.40219.1
Project("{2150E333-8FDC-42A3-9474-1A3956D46DE8}") = "Services", "Services", "{92CFEFA6-7CF5-40FD-AF22-878B811FD430}"
EndProject
Project("{2150E333-8FDC-42A3-9474-1A3956D46DE8}") = "Catalog", "Catalog", "{22E1EAA8-303F-4918-98F0-47FE40624E9D}"
EndProject
Project("{9A19103F-16F7-4668-BE54-9A1E7A4F7556}") = "Catalog.API", "Services\Catalog\Catalog.API\Catalog.API.csproj", "{A002FFE4-B706-4412-BBC9-5522CB853DA6}"
EndProject
Project("{9A19103F-16F7-4668-BE54-9A1E7A4F7556}") = "Catalog.Application", "Services\Catalog\Catalog.Application\Catalog.Application.csproj", "{986065B8-9793-445F-BF72-893FD47D03D5}"
EndProject
Project("{9A19103F-16F7-4668-BE54-9A1E7A4F7556}") = "Catalog.Core", "Services\Catalog\Catalog.Core\Catalog.Core.csproj", "{ABC84568-5444-4E69-B623-43C8C3E2077B}"
EndProject
Project("{9A19103F-16F7-4668-BE54-9A1E7A4F7556}") = "Catalog.Infrastructure", "Services\Catalog\Catalog.Infrastructure\Catalog.Infrastructure.csproj", "{6A8D96BF-BF00-471C-B3B9-83A66ABD0D4F}"
EndProject
Project("{E53339B2-1760-4266-BCC7-CA923CBCF16C}") = "docker-compose", "docker-compose.dcproj", "{94D2BCA6-6588-41E9-A5CF-BCF37B7F5F5F}"
EndProject
Project("{2150E333-8FDC-42A3-9474-1A3956D46DE8}") = "Basket", "Basket", "{394B9E77-6D25-4F85-B473-DF3234087ED1}"
EndProject
Project("{FAE04EC0-301F-11D3-BF4B-00C04F79EFBC}") = "Basket.API", "Services\Basket\Basket.API\Basket.API.csproj", "{2C5AEFBF-61C3-4140-BD13-363081F856D2}"
EndProject
Project("{FAE04EC0-301F-11D3-BF4B-00C04F79EFBC}") = "Basket.Core", "Services\Basket\Basket.Core\Basket.Core.csproj", "{15621F2E-AEBE-4AEA-991B-A3B3A14AE956}"
EndProject
Project("{FAE04EC0-301F-11D3-BF4B-00C04F79EFBC}") = "Basket.Application", "Services\Basket\Basket.Application\Basket.Application.csproj", "{E3359EF4-9C88-4302-A146-BF390FA81069}"
EndProject
Project("{FAE04EC0-301F-11D3-BF4B-00C04F79EFBC}") = "Basket.Infrastructure", "Services\Basket\Basket.Infrastructure\Basket.Infrastructure.csproj", "{CCC6D13A-67DD-4042-9648-280996126F49}"
EndProject
Global
	GlobalSection(SolutionConfigurationPlatforms) = preSolution
		Debug|Any CPU = Debug|Any CPU
		Release|Any CPU = Release|Any CPU
	EndGlobalSection
	GlobalSection(ProjectConfigurationPlatforms) = postSolution
		{A002FFE4-B706-4412-BBC9-5522CB853DA6}.Debug|Any CPU.ActiveCfg = Debug|Any CPU
		{A002FFE4-B706-4412-BBC9-5522CB853DA6}.Debug|Any CPU.Build.0 = Debug|Any CPU
		{A002FFE4-B706-4412-BBC9-5522CB853DA6}.Release|Any CPU.ActiveCfg = Release|Any CPU
		{A002FFE4-B706-4412-BBC9-5522CB853DA6}.Release|Any CPU.Build.0 = Release|Any CPU
		{986065B8-9793-445F-BF72-893FD47D03D5}.Debug|Any CPU.ActiveCfg = Debug|Any CPU
		{986065B8-9793-445F-BF72-893FD47D03D5}.Debug|Any CPU.Build.0 = Debug|Any CPU
		{986065B8-9793-445F-BF72-893FD47D03D5}.Release|Any CPU.ActiveCfg = Release|Any CPU
		{986065B8-9793-445F-BF72-893FD47D03D5}.Release|Any CPU.Build.0 = Release|Any CPU
		{ABC84568-5444-4E69-B623-43C8C3E2077B}.Debug|Any CPU.ActiveCfg = Debug|Any CPU
		{ABC84568-5444-4E69-B623-43C8C3E2077B}.Debug|Any CPU.Build.0 = Debug|Any CPU
		{ABC84568-5444-4E69-B623-43C8C3E2077B}.Release|Any CPU.ActiveCfg = Release|Any CPU
		{ABC84568-5444-4E69-B623-43C8C3E2077B}.Release|Any CPU.Build.0 = Release|Any CPU
		{6A8D96BF-BF00-471C-B3B9-83A66ABD0D4F}.Debug|Any CPU.ActiveCfg = Debug|Any CPU
		{6A8D96BF-BF00-471C-B3B9-83A66ABD0D4F}.Debug|Any CPU.Build.0 = Debug|Any CPU
		{6A8D96BF-BF00-471C-B3B9-83A66ABD0D4F}.Release|Any CPU.ActiveCfg = Release|Any CPU
		{6A8D96BF-BF00-471C-B3B9-83A66ABD0D4F}.Release|Any CPU.Build.0 = Release|Any CPU
		{94D2BCA6-6588-41E9-A5CF-BCF37B7F5F5F}.Debug|Any CPU.ActiveCfg = Debug|Any CPU
		{94D2BCA6-6588-41E9-A5CF-BCF37B7F5F5F}.Debug|Any CPU.Build.0 = Debug|Any CPU
		{94D2BCA6-6588-41E9-A5CF-BCF37B7F5F5F}.Release|Any CPU.ActiveCfg = Release|Any CPU
		{94D2BCA6-6588-41E9-A5CF-BCF37B7F5F5F}.Release|Any CPU.Build.0 = Release|Any CPU
		{2C5AEFBF-61C3-4140-BD13-363081F856D2}.Debug|Any CPU.ActiveCfg = Debug|Any CPU
		{2C5AEFBF-61C3-4140-BD13-363081F856D2}.Debug|Any CPU.Build.0 = Debug|Any CPU
		{2C5AEFBF-61C3-4140-BD13-363081F856D2}.Release|Any CPU.ActiveCfg = Release|Any CPU
		{2C5AEFBF-61C3-4140-BD13-363081F856D2}.Release|Any CPU.Build.0 = Release|Any CPU
		{15621F2E-AEBE-4AEA-991B-A3B3A14AE956}.Debug|Any CPU.ActiveCfg = Debug|Any CPU
		{15621F2E-AEBE-4AEA-991B-A3B3A14AE956}.Debug|Any CPU.Build.0 = Debug|Any CPU
		{15621F2E-AEBE-4AEA-991B-A3B3A14AE956}.Release|Any CPU.ActiveCfg = Release|Any CPU
		{15621F2E-AEBE-4AEA-991B-A3B3A14AE956}.Release|Any CPU.Build.0 = Release|Any CPU
		{E3359EF4-9C88-4302-A146-BF390FA81069}.Debug|Any CPU.ActiveCfg = Debug|Any CPU
		{E3359EF4-9C88-4302-A146-BF390FA81069}.Debug|Any CPU.Build.0 = Debug|Any CPU
		{E3359EF4-9C88-4302-A146-BF390FA81069}.Release|Any CPU.ActiveCfg = Release|Any CPU
		{E3359EF4-9C88-4302-A146-BF390FA81069}.Release|Any CPU.Build.0 = Release|Any CPU
		{CCC6D13A-67DD-4042-9648-280996126F49}.Debug|Any CPU.ActiveCfg = Debug|Any CPU
		{CCC6D13A-67DD-4042-9648-280996126F49}.Debug|Any CPU.Build.0 = Debug|Any CPU
		{CCC6D13A-67DD-4042-9648-280996126F49}.Release|Any CPU.ActiveCfg = Release|Any CPU
		{CCC6D13A-67DD-4042-9648-280996126F49}.Release|Any CPU.Build.0 = Release|Any CPU
	EndGlobalSection
	GlobalSection(SolutionProperties) = preSolution
		HideSolutionNode = FALSE
	EndGlobalSection
	GlobalSection(NestedProjects) = preSolution
		{22E1EAA8-303F-4918-98F0-47FE40624E9D} = {92CFEFA6-7CF5-40FD-AF22-878B811FD430}
		{A002FFE4-B706-4412-BBC9-5522CB853DA6} = {22E1EAA8-303F-4918-98F0-47FE40624E9D}
		{986065B8-9793-445F-BF72-893FD47D03D5} = {22E1EAA8-303F-4918-98F0-47FE40624E9D}
		{ABC84568-5444-4E69-B623-43C8C3E2077B} = {22E1EAA8-303F-4918-98F0-47FE40624E9D}
		{6A8D96BF-BF00-471C-B3B9-83A66ABD0D4F} = {22E1EAA8-303F-4918-98F0-47FE40624E9D}
		{394B9E77-6D25-4F85-B473-DF3234087ED1} = {92CFEFA6-7CF5-40FD-AF22-878B811FD430}
		{2C5AEFBF-61C3-4140-BD13-363081F856D2} = {394B9E77-6D25-4F85-B473-DF3234087ED1}
		{15621F2E-AEBE-4AEA-991B-A3B3A14AE956} = {394B9E77-6D25-4F85-B473-DF3234087ED1}
		{E3359EF4-9C88-4302-A146-BF390FA81069} = {394B9E77-6D25-4F85-B473-DF3234087ED1}
		{CCC6D13A-67DD-4042-9648-280996126F49} = {394B9E77-6D25-4F85-B473-DF3234087ED1}
	EndGlobalSection
	GlobalSection(ExtensibilityGlobals) = postSolution
		SolutionGuid = {762BE3DA-4769-42E7-B0DE-9B8C84C40DC2}
	EndGlobalSection
EndGlobal
