
Microsoft Visual Studio Solution File, Format Version 12.00
# Visual Studio Version 17
VisualStudioVersion = 17.10.35122.118
MinimumVisualStudioVersion = 10.0.40219.1
Project("{2150E333-8FDC-42A3-9474-1A3956D46DE8}") = "Services", "Services", "{92CFEFA6-7CF5-40FD-AF22-878B811FD430}"
EndProject
Project("{2150E333-8FDC-42A3-9474-1A3956D46DE8}") = "Catalog", "Catalog", "{22E1EAA8-303F-4918-98F0-47FE40624E9D}"
EndProject
Project("{9A19103F-16F7-4668-BE54-9A1E7A4F7556}") = "Catalog.API", "Services\Catalog\Catalog.API\Catalog.API.csproj", "{A002FFE4-B706-4412-BBC9-5522CB853DA6}"
EndProject
Project("{9A19103F-16F7-4668-BE54-9A1E7A4F7556}") = "Catalog.Application", "Services\Catalog\Catalog.Application\Catalog.Application.csproj", "{986065B8-9793-445F-BF72-893FD47D03D5}"
EndProject
Project("{9A19103F-16F7-4668-BE54-9A1E7A4F7556}") = "Catalog.Core", "Services\Catalog\Catalog.Core\Catalog.Core.csproj", "{ABC84568-5444-4E69-B623-43C8C3E2077B}"
EndProject
Project("{9A19103F-16F7-4668-BE54-9A1E7A4F7556}") = "Catalog.Infrastructure", "Services\Catalog\Catalog.Infrastructure\Catalog.Infrastructure.csproj", "{6A8D96BF-BF00-471C-B3B9-83A66ABD0D4F}"
EndProject
Project("{E53339B2-1760-4266-BCC7-CA923CBCF16C}") = "docker-compose", "docker-compose.dcproj", "{94D2BCA6-6588-41E9-A5CF-BCF37B7F5F5F}"
EndProject
Project("{2150E333-8FDC-42A3-9474-1A3956D46DE8}") = "Basket", "Basket", "{394B9E77-6D25-4F85-B473-DF3234087ED1}"
EndProject
Project("{9A19103F-16F7-4668-BE54-9A1E7A4F7556}") = "Basket.API", "Services\Basket\Basket.API\Basket.API.csproj", "{2C5AEFBF-61C3-4140-BD13-363081F856D2}"
EndProject
Project("{9A19103F-16F7-4668-BE54-9A1E7A4F7556}") = "Basket.Core", "Services\Basket\Basket.Core\Basket.Core.csproj", "{15621F2E-AEBE-4AEA-991B-A3B3A14AE956}"
EndProject
Project("{9A19103F-16F7-4668-BE54-9A1E7A4F7556}") = "Basket.Application", "Services\Basket\Basket.Application\Basket.Application.csproj", "{E3359EF4-9C88-4302-A146-BF390FA81069}"
EndProject
Project("{9A19103F-16F7-4668-BE54-9A1E7A4F7556}") = "Basket.Infrastructure", "Services\Basket\Basket.Infrastructure\Basket.Infrastructure.csproj", "{CCC6D13A-67DD-4042-9648-280996126F49}"
EndProject
Project("{2150E333-8FDC-42A3-9474-1A3956D46DE8}") = "Discount", "Discount", "{127F603F-A547-4146-A668-A24959BDD6CA}"
EndProject
Project("{9A19103F-16F7-4668-BE54-9A1E7A4F7556}") = "Discount.API", "Services\Discount\Discount.API\Discount.API.csproj", "{4ED3AA93-453C-4839-99F9-92E571C42870}"
EndProject
Project("{9A19103F-16F7-4668-BE54-9A1E7A4F7556}") = "Discount.Application", "Services\Discount\Discount.Application\Discount.Application.csproj", "{8FEA3CCC-1277-49EA-80F7-3197BA1D6874}"
EndProject
Project("{9A19103F-16F7-4668-BE54-9A1E7A4F7556}") = "Discount.Core", "Services\Discount\Discount.Core\Discount.Core.csproj", "{4326B8CE-4483-433A-A41B-6DBEF98870DD}"
EndProject
Project("{9A19103F-16F7-4668-BE54-9A1E7A4F7556}") = "Discount.Infrastructure", "Services\Discount\Discount.Infrastructure\Discount.Infrastructure.csproj", "{D80C43C8-7B07-4FAD-BA28-A472438E0A06}"
EndProject
Project("{2150E333-8FDC-42A3-9474-1A3956D46DE8}") = "Ordering", "Ordering", "{E02BEFA2-8304-49B6-9E85-6E2A717187FA}"
EndProject
Project("{9A19103F-16F7-4668-BE54-9A1E7A4F7556}") = "Ordering.API", "Services\Ordering\Ordering.API\Ordering.API.csproj", "{5791B7CF-DC8F-4E9D-838D-55AAD77BAB01}"
EndProject
Project("{9A19103F-16F7-4668-BE54-9A1E7A4F7556}") = "Ordering.Core", "Services\Ordering\Ordering.Core\Ordering.Core.csproj", "{2ECFF5B8-ECDB-4168-8A96-0A36F6D59FB3}"
EndProject
Project("{9A19103F-16F7-4668-BE54-9A1E7A4F7556}") = "Ordering.Application", "Services\Ordering\Ordering.Application\Ordering.Application.csproj", "{2ED6700C-274F-4AB4-A8B4-242870F6A1DA}"
EndProject
Project("{9A19103F-16F7-4668-BE54-9A1E7A4F7556}") = "Ordering.Infrastructure", "Services\Ordering\Ordering.Infrastructure\Ordering.Infrastructure.csproj", "{4F7C0514-6552-4CBE-86AD-256C27294A7A}"
EndProject
Project("{2150E333-8FDC-42A3-9474-1A3956D46DE8}") = "Infrastructure", "Infrastructure", "{702786AD-766B-4EAE-A604-38F6F9F69A61}"
EndProject
Project("{9A19103F-16F7-4668-BE54-9A1E7A4F7556}") = "EventBus.Message", "Infrastructure\EventBus.Message\EventBus.Message.csproj", "{2DBB82AC-F269-4A67-A67F-F525A07BB79B}"
EndProject
Project("{FAE04EC0-301F-11D3-BF4B-00C04F79EFBC}") = "Common.Logging", "Infrastructure\Common.Logging\Common.Logging.csproj", "{4EF4E801-904A-4A07-817E-F285CBE5A245}"
EndProject
Global
	GlobalSection(SolutionConfigurationPlatforms) = preSolution
		Debug|Any CPU = Debug|Any CPU
		Release|Any CPU = Release|Any CPU
	EndGlobalSection
	GlobalSection(ProjectConfigurationPlatforms) = postSolution
		{A002FFE4-B706-4412-BBC9-5522CB853DA6}.Debug|Any CPU.ActiveCfg = Debug|Any CPU
		{A002FFE4-B706-4412-BBC9-5522CB853DA6}.Debug|Any CPU.Build.0 = Debug|Any CPU
		{A002FFE4-B706-4412-BBC9-5522CB853DA6}.Release|Any CPU.ActiveCfg = Release|Any CPU
		{A002FFE4-B706-4412-BBC9-5522CB853DA6}.Release|Any CPU.Build.0 = Release|Any CPU
		{986065B8-9793-445F-BF72-893FD47D03D5}.Debug|Any CPU.ActiveCfg = Debug|Any CPU
		{986065B8-9793-445F-BF72-893FD47D03D5}.Debug|Any CPU.Build.0 = Debug|Any CPU
		{986065B8-9793-445F-BF72-893FD47D03D5}.Release|Any CPU.ActiveCfg = Release|Any CPU
		{986065B8-9793-445F-BF72-893FD47D03D5}.Release|Any CPU.Build.0 = Release|Any CPU
		{ABC84568-5444-4E69-B623-43C8C3E2077B}.Debug|Any CPU.ActiveCfg = Debug|Any CPU
		{ABC84568-5444-4E69-B623-43C8C3E2077B}.Debug|Any CPU.Build.0 = Debug|Any CPU
		{ABC84568-5444-4E69-B623-43C8C3E2077B}.Release|Any CPU.ActiveCfg = Release|Any CPU
		{ABC84568-5444-4E69-B623-43C8C3E2077B}.Release|Any CPU.Build.0 = Release|Any CPU
		{6A8D96BF-BF00-471C-B3B9-83A66ABD0D4F}.Debug|Any CPU.ActiveCfg = Debug|Any CPU
		{6A8D96BF-BF00-471C-B3B9-83A66ABD0D4F}.Debug|Any CPU.Build.0 = Debug|Any CPU
		{6A8D96BF-BF00-471C-B3B9-83A66ABD0D4F}.Release|Any CPU.ActiveCfg = Release|Any CPU
		{6A8D96BF-BF00-471C-B3B9-83A66ABD0D4F}.Release|Any CPU.Build.0 = Release|Any CPU
		{94D2BCA6-6588-41E9-A5CF-BCF37B7F5F5F}.Debug|Any CPU.ActiveCfg = Debug|Any CPU
		{94D2BCA6-6588-41E9-A5CF-BCF37B7F5F5F}.Debug|Any CPU.Build.0 = Debug|Any CPU
		{94D2BCA6-6588-41E9-A5CF-BCF37B7F5F5F}.Release|Any CPU.ActiveCfg = Release|Any CPU
		{94D2BCA6-6588-41E9-A5CF-BCF37B7F5F5F}.Release|Any CPU.Build.0 = Release|Any CPU
		{2C5AEFBF-61C3-4140-BD13-363081F856D2}.Debug|Any CPU.ActiveCfg = Debug|Any CPU
		{2C5AEFBF-61C3-4140-BD13-363081F856D2}.Debug|Any CPU.Build.0 = Debug|Any CPU
		{2C5AEFBF-61C3-4140-BD13-363081F856D2}.Release|Any CPU.ActiveCfg = Release|Any CPU
		{2C5AEFBF-61C3-4140-BD13-363081F856D2}.Release|Any CPU.Build.0 = Release|Any CPU
		{15621F2E-AEBE-4AEA-991B-A3B3A14AE956}.Debug|Any CPU.ActiveCfg = Debug|Any CPU
		{15621F2E-AEBE-4AEA-991B-A3B3A14AE956}.Debug|Any CPU.Build.0 = Debug|Any CPU
		{15621F2E-AEBE-4AEA-991B-A3B3A14AE956}.Release|Any CPU.ActiveCfg = Release|Any CPU
		{15621F2E-AEBE-4AEA-991B-A3B3A14AE956}.Release|Any CPU.Build.0 = Release|Any CPU
		{E3359EF4-9C88-4302-A146-BF390FA81069}.Debug|Any CPU.ActiveCfg = Debug|Any CPU
		{E3359EF4-9C88-4302-A146-BF390FA81069}.Debug|Any CPU.Build.0 = Debug|Any CPU
		{E3359EF4-9C88-4302-A146-BF390FA81069}.Release|Any CPU.ActiveCfg = Release|Any CPU
		{E3359EF4-9C88-4302-A146-BF390FA81069}.Release|Any CPU.Build.0 = Release|Any CPU
		{CCC6D13A-67DD-4042-9648-280996126F49}.Debug|Any CPU.ActiveCfg = Debug|Any CPU
		{CCC6D13A-67DD-4042-9648-280996126F49}.Debug|Any CPU.Build.0 = Debug|Any CPU
		{CCC6D13A-67DD-4042-9648-280996126F49}.Release|Any CPU.ActiveCfg = Release|Any CPU
		{CCC6D13A-67DD-4042-9648-280996126F49}.Release|Any CPU.Build.0 = Release|Any CPU
		{4ED3AA93-453C-4839-99F9-92E571C42870}.Debug|Any CPU.ActiveCfg = Debug|Any CPU
		{4ED3AA93-453C-4839-99F9-92E571C42870}.Debug|Any CPU.Build.0 = Debug|Any CPU
		{4ED3AA93-453C-4839-99F9-92E571C42870}.Release|Any CPU.ActiveCfg = Release|Any CPU
		{4ED3AA93-453C-4839-99F9-92E571C42870}.Release|Any CPU.Build.0 = Release|Any CPU
		{8FEA3CCC-1277-49EA-80F7-3197BA1D6874}.Debug|Any CPU.ActiveCfg = Debug|Any CPU
		{8FEA3CCC-1277-49EA-80F7-3197BA1D6874}.Debug|Any CPU.Build.0 = Debug|Any CPU
		{8FEA3CCC-1277-49EA-80F7-3197BA1D6874}.Release|Any CPU.ActiveCfg = Release|Any CPU
		{8FEA3CCC-1277-49EA-80F7-3197BA1D6874}.Release|Any CPU.Build.0 = Release|Any CPU
		{4326B8CE-4483-433A-A41B-6DBEF98870DD}.Debug|Any CPU.ActiveCfg = Debug|Any CPU
		{4326B8CE-4483-433A-A41B-6DBEF98870DD}.Debug|Any CPU.Build.0 = Debug|Any CPU
		{4326B8CE-4483-433A-A41B-6DBEF98870DD}.Release|Any CPU.ActiveCfg = Release|Any CPU
		{4326B8CE-4483-433A-A41B-6DBEF98870DD}.Release|Any CPU.Build.0 = Release|Any CPU
		{D80C43C8-7B07-4FAD-BA28-A472438E0A06}.Debug|Any CPU.ActiveCfg = Debug|Any CPU
		{D80C43C8-7B07-4FAD-BA28-A472438E0A06}.Debug|Any CPU.Build.0 = Debug|Any CPU
		{D80C43C8-7B07-4FAD-BA28-A472438E0A06}.Release|Any CPU.ActiveCfg = Release|Any CPU
		{D80C43C8-7B07-4FAD-BA28-A472438E0A06}.Release|Any CPU.Build.0 = Release|Any CPU
		{5791B7CF-DC8F-4E9D-838D-55AAD77BAB01}.Debug|Any CPU.ActiveCfg = Debug|Any CPU
		{5791B7CF-DC8F-4E9D-838D-55AAD77BAB01}.Debug|Any CPU.Build.0 = Debug|Any CPU
		{5791B7CF-DC8F-4E9D-838D-55AAD77BAB01}.Release|Any CPU.ActiveCfg = Release|Any CPU
		{5791B7CF-DC8F-4E9D-838D-55AAD77BAB01}.Release|Any CPU.Build.0 = Release|Any CPU
		{2ECFF5B8-ECDB-4168-8A96-0A36F6D59FB3}.Debug|Any CPU.ActiveCfg = Debug|Any CPU
		{2ECFF5B8-ECDB-4168-8A96-0A36F6D59FB3}.Debug|Any CPU.Build.0 = Debug|Any CPU
		{2ECFF5B8-ECDB-4168-8A96-0A36F6D59FB3}.Release|Any CPU.ActiveCfg = Release|Any CPU
		{2ECFF5B8-ECDB-4168-8A96-0A36F6D59FB3}.Release|Any CPU.Build.0 = Release|Any CPU
		{2ED6700C-274F-4AB4-A8B4-242870F6A1DA}.Debug|Any CPU.ActiveCfg = Debug|Any CPU
		{2ED6700C-274F-4AB4-A8B4-242870F6A1DA}.Debug|Any CPU.Build.0 = Debug|Any CPU
		{2ED6700C-274F-4AB4-A8B4-242870F6A1DA}.Release|Any CPU.ActiveCfg = Release|Any CPU
		{2ED6700C-274F-4AB4-A8B4-242870F6A1DA}.Release|Any CPU.Build.0 = Release|Any CPU
		{4F7C0514-6552-4CBE-86AD-256C27294A7A}.Debug|Any CPU.ActiveCfg = Debug|Any CPU
		{4F7C0514-6552-4CBE-86AD-256C27294A7A}.Debug|Any CPU.Build.0 = Debug|Any CPU
		{4F7C0514-6552-4CBE-86AD-256C27294A7A}.Release|Any CPU.ActiveCfg = Release|Any CPU
		{4F7C0514-6552-4CBE-86AD-256C27294A7A}.Release|Any CPU.Build.0 = Release|Any CPU
		{2DBB82AC-F269-4A67-A67F-F525A07BB79B}.Debug|Any CPU.ActiveCfg = Debug|Any CPU
		{2DBB82AC-F269-4A67-A67F-F525A07BB79B}.Debug|Any CPU.Build.0 = Debug|Any CPU
		{2DBB82AC-F269-4A67-A67F-F525A07BB79B}.Release|Any CPU.ActiveCfg = Release|Any CPU
		{2DBB82AC-F269-4A67-A67F-F525A07BB79B}.Release|Any CPU.Build.0 = Release|Any CPU
		{4EF4E801-904A-4A07-817E-F285CBE5A245}.Debug|Any CPU.ActiveCfg = Debug|Any CPU
		{4EF4E801-904A-4A07-817E-F285CBE5A245}.Debug|Any CPU.Build.0 = Debug|Any CPU
		{4EF4E801-904A-4A07-817E-F285CBE5A245}.Release|Any CPU.ActiveCfg = Release|Any CPU
		{4EF4E801-904A-4A07-817E-F285CBE5A245}.Release|Any CPU.Build.0 = Release|Any CPU
	EndGlobalSection
	GlobalSection(SolutionProperties) = preSolution
		HideSolutionNode = FALSE
	EndGlobalSection
	GlobalSection(NestedProjects) = preSolution
		{22E1EAA8-303F-4918-98F0-47FE40624E9D} = {92CFEFA6-7CF5-40FD-AF22-878B811FD430}
		{A002FFE4-B706-4412-BBC9-5522CB853DA6} = {22E1EAA8-303F-4918-98F0-47FE40624E9D}
		{986065B8-9793-445F-BF72-893FD47D03D5} = {22E1EAA8-303F-4918-98F0-47FE40624E9D}
		{ABC84568-5444-4E69-B623-43C8C3E2077B} = {22E1EAA8-303F-4918-98F0-47FE40624E9D}
		{6A8D96BF-BF00-471C-B3B9-83A66ABD0D4F} = {22E1EAA8-303F-4918-98F0-47FE40624E9D}
		{394B9E77-6D25-4F85-B473-DF3234087ED1} = {92CFEFA6-7CF5-40FD-AF22-878B811FD430}
		{2C5AEFBF-61C3-4140-BD13-363081F856D2} = {394B9E77-6D25-4F85-B473-DF3234087ED1}
		{15621F2E-AEBE-4AEA-991B-A3B3A14AE956} = {394B9E77-6D25-4F85-B473-DF3234087ED1}
		{E3359EF4-9C88-4302-A146-BF390FA81069} = {394B9E77-6D25-4F85-B473-DF3234087ED1}
		{CCC6D13A-67DD-4042-9648-280996126F49} = {394B9E77-6D25-4F85-B473-DF3234087ED1}
		{127F603F-A547-4146-A668-A24959BDD6CA} = {92CFEFA6-7CF5-40FD-AF22-878B811FD430}
		{4ED3AA93-453C-4839-99F9-92E571C42870} = {127F603F-A547-4146-A668-A24959BDD6CA}
		{8FEA3CCC-1277-49EA-80F7-3197BA1D6874} = {127F603F-A547-4146-A668-A24959BDD6CA}
		{4326B8CE-4483-433A-A41B-6DBEF98870DD} = {127F603F-A547-4146-A668-A24959BDD6CA}
		{D80C43C8-7B07-4FAD-BA28-A472438E0A06} = {127F603F-A547-4146-A668-A24959BDD6CA}
		{E02BEFA2-8304-49B6-9E85-6E2A717187FA} = {92CFEFA6-7CF5-40FD-AF22-878B811FD430}
		{5791B7CF-DC8F-4E9D-838D-55AAD77BAB01} = {E02BEFA2-8304-49B6-9E85-6E2A717187FA}
		{2ECFF5B8-ECDB-4168-8A96-0A36F6D59FB3} = {E02BEFA2-8304-49B6-9E85-6E2A717187FA}
		{2ED6700C-274F-4AB4-A8B4-242870F6A1DA} = {E02BEFA2-8304-49B6-9E85-6E2A717187FA}
		{4F7C0514-6552-4CBE-86AD-256C27294A7A} = {E02BEFA2-8304-49B6-9E85-6E2A717187FA}
		{2DBB82AC-F269-4A67-A67F-F525A07BB79B} = {702786AD-766B-4EAE-A604-38F6F9F69A61}
		{4EF4E801-904A-4A07-817E-F285CBE5A245} = {702786AD-766B-4EAE-A604-38F6F9F69A61}
	EndGlobalSection
	GlobalSection(ExtensibilityGlobals) = postSolution
		SolutionGuid = {762BE3DA-4769-42E7-B0DE-9B8C84C40DC2}
	EndGlobalSection
EndGlobal
